
Microsoft Visual Studio Solution File, Format Version 12.00
# Visual Studio Version 16
VisualStudioVersion = 16.0.30804.86
MinimumVisualStudioVersion = 10.0.40219.1
Project("{9A19103F-16F7-4668-BE54-9A1E7A4F7556}") = "BankApplication", "BankApplication\BankApplication.csproj", "{EB9D920F-DA12-49B9-90F1-DBD3E430FACB}"
EndProject
Project("{9A19103F-16F7-4668-BE54-9A1E7A4F7556}") = "BankLibrary", "BankLibrary\BankLibrary.csproj", "{F30F99EC-787B-4907-9823-0D67BB031E4B}"
EndProject
Global
	GlobalSection(SolutionConfigurationPlatforms) = preSolution
		Debug|Any CPU = Debug|Any CPU
		Release|Any CPU = Release|Any CPU
	EndGlobalSection
	GlobalSection(ProjectConfigurationPlatforms) = postSolution
		{EB9D920F-DA12-49B9-90F1-DBD3E430FACB}.Debug|Any CPU.ActiveCfg = Debug|Any CPU
		{EB9D920F-DA12-49B9-90F1-DBD3E430FACB}.Debug|Any CPU.Build.0 = Debug|Any CPU
		{EB9D920F-DA12-49B9-90F1-DBD3E430FACB}.Release|Any CPU.ActiveCfg = Release|Any CPU
		{EB9D920F-DA12-49B9-90F1-DBD3E430FACB}.Release|Any CPU.Build.0 = Release|Any CPU
		{F30F99EC-787B-4907-9823-0D67BB031E4B}.Debug|Any CPU.ActiveCfg = Debug|Any CPU
		{F30F99EC-787B-4907-9823-0D67BB031E4B}.Debug|Any CPU.Build.0 = Debug|Any CPU
		{F30F99EC-787B-4907-9823-0D67BB031E4B}.Release|Any CPU.ActiveCfg = Release|Any CPU
		{F30F99EC-787B-4907-9823-0D67BB031E4B}.Release|Any CPU.Build.0 = Release|Any CPU
	EndGlobalSection
	GlobalSection(SolutionProperties) = preSolution
		HideSolutionNode = FALSE
	EndGlobalSection
	GlobalSection(ExtensibilityGlobals) = postSolution
		SolutionGuid = {CA79D4DB-AF24-4A9A-8CC7-5F4C7E79669F}
	EndGlobalSection
EndGlobal
